{
    "_meta": {
        "hash": {
            "sha256": "f4de8f71856e9f4e17094113aa0b3746a65b2ea6157bc10820c32b73dfc5c283"
        },
        "pipfile-spec": 6,
        "requires": {
            "python_version": "3.12"
        },
        "sources": [
            {
                "name": "pypi",
                "url": "https://pypi.org/simple",
                "verify_ssl": true
            }
        ]
    },
    "default": {},
    "develop": {}
}
